
Microsoft Visual Studio Solution File, Format Version 12.00
# Visual Studio 15
VisualStudioVersion = 15.0.27703.2026
MinimumVisualStudioVersion = 10.0.40219.1
Project("{9A19103F-16F7-4668-BE54-9A1E7A4F7556}") = "ChallengeMac", "ChallengeMac.csproj", "{92CF4B94-AD0F-4D31-9EF7-A75F3E5CE4A8}"
EndProject
Global
	GlobalSection(SolutionConfigurationPlatforms) = preSolution
		Debug|Any CPU = Debug|Any CPU
		Release|Any CPU = Release|Any CPU
	EndGlobalSection
	GlobalSection(ProjectConfigurationPlatforms) = postSolution
		{92CF4B94-AD0F-4D31-9EF7-A75F3E5CE4A8}.Debug|Any CPU.ActiveCfg = Debug|Any CPU
		{92CF4B94-AD0F-4D31-9EF7-A75F3E5CE4A8}.Debug|Any CPU.Build.0 = Debug|Any CPU
		{92CF4B94-AD0F-4D31-9EF7-A75F3E5CE4A8}.Release|Any CPU.ActiveCfg = Release|Any CPU
		{92CF4B94-AD0F-4D31-9EF7-A75F3E5CE4A8}.Release|Any CPU.Build.0 = Release|Any CPU
	EndGlobalSection
	GlobalSection(SolutionProperties) = preSolution
		HideSolutionNode = FALSE
	EndGlobalSection
	GlobalSection(ExtensibilityGlobals) = postSolution
		SolutionGuid = {46ED8E25-BB43-4210-9337-46B00D00FA23}
	EndGlobalSection
EndGlobal
